// !$*UTF8*$!
{
	archiveVersion = 1;
	classes = {
	};
	objectVersion = 46;
	objects = {

/* Begin PBXBuildFile section */
		911F23881CA16CA300F2659A /* AVLImpl.cpp in Sources */ = {isa = PBXBuildFile; fileRef = 911F23801CA16CA300F2659A /* AVLImpl.cpp */; };
		911F23891CA16CA300F2659A /* AVLTree.cpp in Sources */ = {isa = PBXBuildFile; fileRef = 911F23821CA16CA300F2659A /* AVLTree.cpp */; };
		911F238A1CA16CA300F2659A /* BeautyCAVL.cpp in Sources */ = {isa = PBXBuildFile; fileRef = 911F23841CA16CA300F2659A /* BeautyCAVL.cpp */; };
		911F238B1CA16CA300F2659A /* ConsoleAVL.cpp in Sources */ = {isa = PBXBuildFile; fileRef = 911F23861CA16CA300F2659A /* ConsoleAVL.cpp */; };
		911F238F1CA16CAE00F2659A /* main.cpp in Sources */ = {isa = PBXBuildFile; fileRef = 911F238C1CA16CAE00F2659A /* main.cpp */; };
/* End PBXBuildFile section */

/* Begin PBXCopyFilesBuildPhase section */
		911F23741CA16C8C00F2659A /* CopyFiles */ = {
			isa = PBXCopyFilesBuildPhase;
			buildActionMask = 2147483647;
			dstPath = /usr/share/man/man1/;
			dstSubfolderSpec = 0;
			files = (
			);
			runOnlyForDeploymentPostprocessing = 1;
		};
/* End PBXCopyFilesBuildPhase section */

/* Begin PBXFileReference section */
		911F23761CA16C8C00F2659A /* Lab_3 */ = {isa = PBXFileReference; explicitFileType = "compiled.mach-o.executable"; includeInIndex = 0; path = Lab_3; sourceTree = BUILT_PRODUCTS_DIR; };
		911F23801CA16CA300F2659A /* AVLImpl.cpp */ = {isa = PBXFileReference; fileEncoding = 4; lastKnownFileType = sourcecode.cpp.cpp; name = AVLImpl.cpp; path = ../../AVLImpl.cpp; sourceTree = "<group>"; };
		911F23811CA16CA300F2659A /* AVLImpl.h */ = {isa = PBXFileReference; fileEncoding = 4; lastKnownFileType = sourcecode.c.h; name = AVLImpl.h; path = ../../AVLImpl.h; sourceTree = "<group>"; };
		911F23821CA16CA300F2659A /* AVLTree.cpp */ = {isa = PBXFileReference; fileEncoding = 4; lastKnownFileType = sourcecode.cpp.cpp; name = AVLTree.cpp; path = ../../AVLTree.cpp; sourceTree = "<group>"; };
		911F23831CA16CA300F2659A /* AVLTree.h */ = {isa = PBXFileReference; fileEncoding = 4; lastKnownFileType = sourcecode.c.h; name = AVLTree.h; path = ../../AVLTree.h; sourceTree = "<group>"; };
		911F23841CA16CA300F2659A /* BeautyCAVL.cpp */ = {isa = PBXFileReference; fileEncoding = 4; lastKnownFileType = sourcecode.cpp.cpp; name = BeautyCAVL.cpp; path = ../../BeautyCAVL.cpp; sourceTree = "<group>"; };
		911F23851CA16CA300F2659A /* BeautyCAVL.h */ = {isa = PBXFileReference; fileEncoding = 4; lastKnownFileType = sourcecode.c.h; name = BeautyCAVL.h; path = ../../BeautyCAVL.h; sourceTree = "<group>"; };
		911F23861CA16CA300F2659A /* ConsoleAVL.cpp */ = {isa = PBXFileReference; fileEncoding = 4; lastKnownFileType = sourcecode.cpp.cpp; name = ConsoleAVL.cpp; path = ../../ConsoleAVL.cpp; sourceTree = "<group>"; };
		911F23871CA16CA300F2659A /* ConsoleAVL.h */ = {isa = PBXFileReference; fileEncoding = 4; lastKnownFileType = sourcecode.c.h; name = ConsoleAVL.h; path = ../../ConsoleAVL.h; sourceTree = "<group>"; };
		911F238C1CA16CAE00F2659A /* main.cpp */ = {isa = PBXFileReference; fileEncoding = 4; lastKnownFileType = sourcecode.cpp.cpp; name = main.cpp; path = ../../main.cpp; sourceTree = "<group>"; };
/* End PBXFileReference section */

/* Begin PBXFrameworksBuildPhase section */
		911F23731CA16C8C00F2659A /* Frameworks */ = {
			isa = PBXFrameworksBuildPhase;
			buildActionMask = 2147483647;
			files = (
			);
			runOnlyForDeploymentPostprocessing = 0;
		};
/* End PBXFrameworksBuildPhase section */

/* Begin PBXGroup section */
		911F236D1CA16C8C00F2659A = {
			isa = PBXGroup;
			children = (
				911F23781CA16C8C00F2659A /* Lab_3 */,
				911F23771CA16C8C00F2659A /* Products */,
			);
			sourceTree = "<group>";
		};
		911F23771CA16C8C00F2659A /* Products */ = {
			isa = PBXGroup;
			children = (
				911F23761CA16C8C00F2659A /* Lab_3 */,
			);
			name = Products;
			sourceTree = "<group>";
		};
		911F23781CA16C8C00F2659A /* Lab_3 */ = {
			isa = PBXGroup;
			children = (
				911F238C1CA16CAE00F2659A /* main.cpp */,
				911F23801CA16CA300F2659A /* AVLImpl.cpp */,
				911F23811CA16CA300F2659A /* AVLImpl.h */,
				911F23821CA16CA300F2659A /* AVLTree.cpp */,
				911F23831CA16CA300F2659A /* AVLTree.h */,
				911F23841CA16CA300F2659A /* BeautyCAVL.cpp */,
				911F23851CA16CA300F2659A /* BeautyCAVL.h */,
				911F23861CA16CA300F2659A /* ConsoleAVL.cpp */,
				911F23871CA16CA300F2659A /* ConsoleAVL.h */,
			);
			path = Lab_3;
			sourceTree = "<group>";
		};
/* End PBXGroup section */

/* Begin PBXNativeTarget section */
		911F23751CA16C8C00F2659A /* Lab_3 */ = {
			isa = PBXNativeTarget;
			buildConfigurationList = 911F237D1CA16C8C00F2659A /* Build configuration list for PBXNativeTarget "Lab_3" */;
			buildPhases = (
				911F23721CA16C8C00F2659A /* Sources */,
				911F23731CA16C8C00F2659A /* Frameworks */,
				911F23741CA16C8C00F2659A /* CopyFiles */,
			);
			buildRules = (
			);
			dependencies = (
			);
			name = Lab_3;
			productName = Lab_3;
			productReference = 911F23761CA16C8C00F2659A /* Lab_3 */;
			productType = "com.apple.product-type.tool";
		};
/* End PBXNativeTarget section */

/* Begin PBXProject section */
		911F236E1CA16C8C00F2659A /* Project object */ = {
			isa = PBXProject;
			attributes = {
				LastUpgradeCheck = 0720;
				ORGANIZATIONNAME = "Artyom Linnik";
				TargetAttributes = {
					911F23751CA16C8C00F2659A = {
						CreatedOnToolsVersion = 7.2.1;
					};
				};
			};
			buildConfigurationList = 911F23711CA16C8C00F2659A /* Build configuration list for PBXProject "Lab_3" */;
			compatibilityVersion = "Xcode 3.2";
			developmentRegion = English;
			hasScannedForEncodings = 0;
			knownRegions = (
				en,
			);
			mainGroup = 911F236D1CA16C8C00F2659A;
			productRefGroup = 911F23771CA16C8C00F2659A /* Products */;
			projectDirPath = "";
			projectRoot = "";
			targets = (
				911F23751CA16C8C00F2659A /* Lab_3 */,
			);
		};
/* End PBXProject section */

/* Begin PBXSourcesBuildPhase section */
		911F23721CA16C8C00F2659A /* Sources */ = {
			isa = PBXSourcesBuildPhase;
			buildActionMask = 2147483647;
			files = (
				911F23881CA16CA300F2659A /* AVLImpl.cpp in Sources */,
				911F238B1CA16CA300F2659A /* ConsoleAVL.cpp in Sources */,
				911F238A1CA16CA300F2659A /* BeautyCAVL.cpp in Sources */,
				911F238F1CA16CAE00F2659A /* main.cpp in Sources */,
				911F23891CA16CA300F2659A /* AVLTree.cpp in Sources */,
			);
			runOnlyForDeploymentPostprocessing = 0;
		};
/* End PBXSourcesBuildPhase section */

/* Begin XCBuildConfiguration section */
		911F237B1CA16C8C00F2659A /* Debug */ = {
			isa = XCBuildConfiguration;
			buildSettings = {
				ALWAYS_SEARCH_USER_PATHS = NO;
				CLANG_CXX_LANGUAGE_STANDARD = "gnu++0x";
				CLANG_CXX_LIBRARY = "libc++";
				CLANG_ENABLE_MODULES = YES;
				CLANG_ENABLE_OBJC_ARC = YES;
				CLANG_WARN_BOOL_CONVERSION = YES;
				CLANG_WARN_CONSTANT_CONVERSION = YES;
				CLANG_WARN_DIRECT_OBJC_ISA_USAGE = YES_ERROR;
				CLANG_WARN_EMPTY_BODY = YES;
				CLANG_WARN_ENUM_CONVERSION = YES;
				CLANG_WARN_INT_CONVERSION = YES;
				CLANG_WARN_OBJC_ROOT_CLASS = YES_ERROR;
				CLANG_WARN_UNREACHABLE_CODE = YES;
				CLANG_WARN__DUPLICATE_METHOD_MATCH = YES;
				CODE_SIGN_IDENTITY = "-";
				COPY_PHASE_STRIP = NO;
				DEBUG_INFORMATION_FORMAT = dwarf;
				ENABLE_STRICT_OBJC_MSGSEND = YES;
				ENABLE_TESTABILITY = YES;
				GCC_C_LANGUAGE_STANDARD = gnu99;
				GCC_DYNAMIC_NO_PIC = NO;
				GCC_NO_COMMON_BLOCKS = YES;
				GCC_OPTIMIZATION_LEVEL = 0;
				GCC_PREPROCESSOR_DEFINITIONS = (
					"DEBUG=1",
					"$(inherited)",
				);
				GCC_WARN_64_TO_32_BIT_CONVERSION = YES;
				GCC_WARN_ABOUT_RETURN_TYPE = YES_ERROR;
				GCC_WARN_UNDECLARED_SELECTOR = YES;
				GCC_WARN_UNINITIALIZED_AUTOS = YES_AGGRESSIVE;
				GCC_WARN_UNUSED_FUNCTION = YES;
				GCC_WARN_UNUSED_VARIABLE = YES;
				MACOSX_DEPLOYMENT_TARGET = 10.11;
				MTL_ENABLE_DEBUG_INFO = YES;
				ONLY_ACTIVE_ARCH = YES;
				SDKROOT = macosx;
			};
			name = Debug;
		};
		911F237C1CA16C8C00F2659A /* Release */ = {
			isa = XCBuildConfiguration;
			buildSettings = {
				ALWAYS_SEARCH_USER_PATHS = NO;
				CLANG_CXX_LANGUAGE_STANDARD = "gnu++0x";
				CLANG_CXX_LIBRARY = "libc++";
				CLANG_ENABLE_MODULES = YES;
				CLANG_ENABLE_OBJC_ARC = YES;
				CLANG_WARN_BOOL_CONVERSION = YES;
				CLANG_WARN_CONSTANT_CONVERSION = YES;
				CLANG_WARN_DIRECT_OBJC_ISA_USAGE = YES_ERROR;
				CLANG_WARN_EMPTY_BODY = YES;
				CLANG_WARN_ENUM_CONVERSION = YES;
				CLANG_WARN_INT_CONVERSION = YES;
				CLANG_WARN_OBJC_ROOT_CLASS = YES_ERROR;
				CLANG_WARN_UNREACHABLE_CODE = YES;
				CLANG_WARN__DUPLICATE_METHOD_MATCH = YES;
				CODE_SIGN_IDENTITY = "-";
				COPY_PHASE_STRIP = NO;
				DEBUG_INFORMATION_FORMAT = "dwarf-with-dsym";
				ENABLE_NS_ASSERTIONS = NO;
				ENABLE_STRICT_OBJC_MSGSEND = YES;
				GCC_C_LANGUAGE_STANDARD = gnu99;
				GCC_NO_COMMON_BLOCKS = YES;
				GCC_WARN_64_TO_32_BIT_CONVERSION = YES;
				GCC_WARN_ABOUT_RETURN_TYPE = YES_ERROR;
				GCC_WARN_UNDECLARED_SELECTOR = YES;
				GCC_WARN_UNINITIALIZED_AUTOS = YES_AGGRESSIVE;
				GCC_WARN_UNUSED_FUNCTION = YES;
				GCC_WARN_UNUSED_VARIABLE = YES;
				MACOSX_DEPLOYMENT_TARGET = 10.11;
				MTL_ENABLE_DEBUG_INFO = NO;
				SDKROOT = macosx;
			};
			name = Release;
		};
		911F237E1CA16C8C00F2659A /* Debug */ = {
			isa = XCBuildConfiguration;
			buildSettings = {
				PRODUCT_NAME = "$(TARGET_NAME)";
			};
			name = Debug;
		};
		911F237F1CA16C8C00F2659A /* Release */ = {
			isa = XCBuildConfiguration;
			buildSettings = {
				PRODUCT_NAME = "$(TARGET_NAME)";
			};
			name = Release;
		};
/* End XCBuildConfiguration section */

/* Begin XCConfigurationList section */
		911F23711CA16C8C00F2659A /* Build configuration list for PBXProject "Lab_3" */ = {
			isa = XCConfigurationList;
			buildConfigurations = (
				911F237B1CA16C8C00F2659A /* Debug */,
				911F237C1CA16C8C00F2659A /* Release */,
			);
			defaultConfigurationIsVisible = 0;
			defaultConfigurationName = Release;
		};
		911F237D1CA16C8C00F2659A /* Build configuration list for PBXNativeTarget "Lab_3" */ = {
			isa = XCConfigurationList;
			buildConfigurations = (
				911F237E1CA16C8C00F2659A /* Debug */,
				911F237F1CA16C8C00F2659A /* Release */,
			);
			defaultConfigurationIsVisible = 0;
		};
/* End XCConfigurationList section */
	};
	rootObject = 911F236E1CA16C8C00F2659A /* Project object */;
}
